// !$*UTF8*$!
{
	archiveVersion = 1;
	classes = {
	};
	objectVersion = 46;
	objects = {

/* Begin PBXBuildFile section */
		98750F212265953300DB2A84 /* libc++.tbd in Frameworks */ = {isa = PBXBuildFile; fileRef = 9804E306226515C30095EBE7 /* libc++.tbd */; };
		98E9346722633A4D00318875 /* security.h in Headers */ = {isa = PBXBuildFile; fileRef = 98E9346622633A4D00318875 /* security.h */; };
		98E9347422633A6600318875 /* security.cpp in Sources */ = {isa = PBXBuildFile; fileRef = 98E9346922633A6600318875 /* security.cpp */; };
		98E9347522633A6600318875 /* md5.cpp in Sources */ = {isa = PBXBuildFile; fileRef = 98E9346A22633A6600318875 /* md5.cpp */; };
		98E9347622633A6600318875 /* base64.h in Headers */ = {isa = PBXBuildFile; fileRef = 98E9346D22633A6600318875 /* base64.h */; };
		98E9347722633A6600318875 /* base64.cpp in Sources */ = {isa = PBXBuildFile; fileRef = 98E9346E22633A6600318875 /* base64.cpp */; };
		98E9347822633A6600318875 /* md5.h in Headers */ = {isa = PBXBuildFile; fileRef = 98E9347022633A6600318875 /* md5.h */; };
		98E9347922633A6600318875 /* aes.h in Headers */ = {isa = PBXBuildFile; fileRef = 98E9347122633A6600318875 /* aes.h */; };
		98E9347A22633A6600318875 /* aes_core.cpp in Sources */ = {isa = PBXBuildFile; fileRef = 98E9347222633A6600318875 /* aes_core.cpp */; };
		98E9347B22633A6600318875 /* aes_locl.h in Headers */ = {isa = PBXBuildFile; fileRef = 98E9347322633A6600318875 /* aes_locl.h */; };
/* End PBXBuildFile section */

/* Begin PBXCopyFilesBuildPhase section */
		FDBEA6FB1A7B6D8D006B6517 /* Copy Files */ = {
			isa = PBXCopyFilesBuildPhase;
			buildActionMask = 2147483647;
			dstPath = "include/$(PRODUCT_NAME)";
			dstSubfolderSpec = 16;
			files = (
			);
			name = "Copy Files";
			runOnlyForDeploymentPostprocessing = 0;
		};
/* End PBXCopyFilesBuildPhase section */

/* Begin PBXFileReference section */
		9804E306226515C30095EBE7 /* libc++.tbd */ = {isa = PBXFileReference; lastKnownFileType = "sourcecode.text-based-dylib-definition"; name = "libc++.tbd"; path = "usr/lib/libc++.tbd"; sourceTree = SDKROOT; };
		98E9346622633A4D00318875 /* security.h */ = {isa = PBXFileReference; fileEncoding = 4; lastKnownFileType = sourcecode.c.h; path = security.h; sourceTree = "<group>"; };
		98E9346922633A6600318875 /* security.cpp */ = {isa = PBXFileReference; fileEncoding = 4; lastKnownFileType = sourcecode.cpp.cpp; path = security.cpp; sourceTree = "<group>"; };
		98E9346A22633A6600318875 /* md5.cpp */ = {isa = PBXFileReference; fileEncoding = 4; lastKnownFileType = sourcecode.cpp.cpp; path = md5.cpp; sourceTree = "<group>"; };
		98E9346D22633A6600318875 /* base64.h */ = {isa = PBXFileReference; fileEncoding = 4; lastKnownFileType = sourcecode.c.h; path = base64.h; sourceTree = "<group>"; };
		98E9346E22633A6600318875 /* base64.cpp */ = {isa = PBXFileReference; fileEncoding = 4; lastKnownFileType = sourcecode.cpp.cpp; path = base64.cpp; sourceTree = "<group>"; };
		98E9347022633A6600318875 /* md5.h */ = {isa = PBXFileReference; fileEncoding = 4; lastKnownFileType = sourcecode.c.h; path = md5.h; sourceTree = "<group>"; };
		98E9347122633A6600318875 /* aes.h */ = {isa = PBXFileReference; fileEncoding = 4; lastKnownFileType = sourcecode.c.h; path = aes.h; sourceTree = "<group>"; };
		98E9347222633A6600318875 /* aes_core.cpp */ = {isa = PBXFileReference; fileEncoding = 4; lastKnownFileType = sourcecode.cpp.cpp; path = aes_core.cpp; sourceTree = "<group>"; };
		98E9347322633A6600318875 /* aes_locl.h */ = {isa = PBXFileReference; fileEncoding = 4; lastKnownFileType = sourcecode.c.h; path = aes_locl.h; sourceTree = "<group>"; };
		FDBEA6FD1A7B6D8D006B6517 /* libsecurity.a */ = {isa = PBXFileReference; explicitFileType = archive.ar; includeInIndex = 0; path = libsecurity.a; sourceTree = BUILT_PRODUCTS_DIR; };
/* End PBXFileReference section */

/* Begin PBXFrameworksBuildPhase section */
		FDBEA6FA1A7B6D8D006B6517 /* Frameworks */ = {
			isa = PBXFrameworksBuildPhase;
			buildActionMask = 2147483647;
			files = (
				98750F212265953300DB2A84 /* libc++.tbd in Frameworks */,
			);
			runOnlyForDeploymentPostprocessing = 0;
		};
/* End PBXFrameworksBuildPhase section */

/* Begin PBXGroup section */
		9804E305226515C30095EBE7 /* Frameworks */ = {
			isa = PBXGroup;
			children = (
				9804E306226515C30095EBE7 /* libc++.tbd */,
			);
			name = Frameworks;
			sourceTree = "<group>";
		};
		98E9346422633A3700318875 /* security */ = {
			isa = PBXGroup;
			children = (
				98E9346822633A6600318875 /* src */,
				98E9346522633A4D00318875 /* include */,
			);
			path = security;
			sourceTree = "<group>";
		};
		98E9346522633A4D00318875 /* include */ = {
			isa = PBXGroup;
			children = (
				98E9346622633A4D00318875 /* security.h */,
			);
			path = include;
			sourceTree = "<group>";
		};
		98E9346822633A6600318875 /* src */ = {
			isa = PBXGroup;
			children = (
				98E9346922633A6600318875 /* security.cpp */,
				98E9346A22633A6600318875 /* md5.cpp */,
				98E9346D22633A6600318875 /* base64.h */,
				98E9346E22633A6600318875 /* base64.cpp */,
				98E9347022633A6600318875 /* md5.h */,
				98E9347122633A6600318875 /* aes.h */,
				98E9347222633A6600318875 /* aes_core.cpp */,
				98E9347322633A6600318875 /* aes_locl.h */,
			);
			path = src;
			sourceTree = "<group>";
		};
		FDBEA6F41A7B6D8D006B6517 = {
			isa = PBXGroup;
			children = (
				98E9346422633A3700318875 /* security */,
				FDBEA6FE1A7B6D8D006B6517 /* Products */,
				9804E305226515C30095EBE7 /* Frameworks */,
			);
			sourceTree = "<group>";
		};
		FDBEA6FE1A7B6D8D006B6517 /* Products */ = {
			isa = PBXGroup;
			children = (
				FDBEA6FD1A7B6D8D006B6517 /* libsecurity.a */,
			);
			name = Products;
			sourceTree = "<group>";
		};
/* End PBXGroup section */

/* Begin PBXHeadersBuildPhase section */
		FDBEA7261A7B7D59006B6517 /* Headers */ = {
			isa = PBXHeadersBuildPhase;
			buildActionMask = 2147483647;
			files = (
				98E9346722633A4D00318875 /* security.h in Headers */,
				98E9347822633A6600318875 /* md5.h in Headers */,
				98E9347922633A6600318875 /* aes.h in Headers */,
				98E9347B22633A6600318875 /* aes_locl.h in Headers */,
				98E9347622633A6600318875 /* base64.h in Headers */,
			);
			runOnlyForDeploymentPostprocessing = 0;
		};
/* End PBXHeadersBuildPhase section */

/* Begin PBXNativeTarget section */
		FDBEA6FC1A7B6D8D006B6517 /* security */ = {
			isa = PBXNativeTarget;
			buildConfigurationList = FDBEA7111A7B6D8D006B6517 /* Build configuration list for PBXNativeTarget "security" */;
			buildPhases = (
				FDBEA6F91A7B6D8D006B6517 /* Sources */,
				FDBEA6FA1A7B6D8D006B6517 /* Frameworks */,
				FDBEA6FB1A7B6D8D006B6517 /* Copy Files */,
				FDBEA7261A7B7D59006B6517 /* Headers */,
			);
			buildRules = (
			);
			dependencies = (
			);
			name = security;
			productName = security;
			productReference = FDBEA6FD1A7B6D8D006B6517 /* libsecurity.a */;
			productType = "com.apple.product-type.library.static";
		};
/* End PBXNativeTarget section */

/* Begin PBXProject section */
		FDBEA6F51A7B6D8D006B6517 /* Project object */ = {
			isa = PBXProject;
			attributes = {
				LastUpgradeCheck = 1020;
				ORGANIZATIONNAME = lanhu;
				TargetAttributes = {
					FDBEA6FC1A7B6D8D006B6517 = {
						CreatedOnToolsVersion = 6.1.1;
					};
				};
			};
			buildConfigurationList = FDBEA6F81A7B6D8D006B6517 /* Build configuration list for PBXProject "security" */;
			compatibilityVersion = "Xcode 3.2";
			developmentRegion = en;
			hasScannedForEncodings = 0;
			knownRegions = (
				en,
				Base,
			);
			mainGroup = FDBEA6F41A7B6D8D006B6517;
			productRefGroup = FDBEA6FE1A7B6D8D006B6517 /* Products */;
			projectDirPath = "";
			projectRoot = "";
			targets = (
				FDBEA6FC1A7B6D8D006B6517 /* security */,
			);
		};
/* End PBXProject section */

/* Begin PBXSourcesBuildPhase section */
		FDBEA6F91A7B6D8D006B6517 /* Sources */ = {
			isa = PBXSourcesBuildPhase;
			buildActionMask = 2147483647;
			files = (
				98E9347522633A6600318875 /* md5.cpp in Sources */,
				98E9347722633A6600318875 /* base64.cpp in Sources */,
				98E9347422633A6600318875 /* security.cpp in Sources */,
				98E9347A22633A6600318875 /* aes_core.cpp in Sources */,
			);
			runOnlyForDeploymentPostprocessing = 0;
		};
/* End PBXSourcesBuildPhase section */

/* Begin XCBuildConfiguration section */
		FDBEA70F1A7B6D8D006B6517 /* Debug */ = {
			isa = XCBuildConfiguration;
			buildSettings = {
				ALWAYS_SEARCH_USER_PATHS = NO;
				CLANG_ANALYZER_LOCALIZABILITY_NONLOCALIZED = YES;
				CLANG_CXX_LANGUAGE_STANDARD = "gnu++0x";
				CLANG_CXX_LIBRARY = "libc++";
				CLANG_ENABLE_MODULES = YES;
				CLANG_ENABLE_OBJC_ARC = YES;
				CLANG_WARN_BLOCK_CAPTURE_AUTORELEASING = YES;
				CLANG_WARN_BOOL_CONVERSION = YES;
				CLANG_WARN_COMMA = YES;
				CLANG_WARN_CONSTANT_CONVERSION = YES;
				CLANG_WARN_DEPRECATED_OBJC_IMPLEMENTATIONS = YES;
				CLANG_WARN_DIRECT_OBJC_ISA_USAGE = YES_ERROR;
				CLANG_WARN_EMPTY_BODY = YES;
				CLANG_WARN_ENUM_CONVERSION = YES;
				CLANG_WARN_INFINITE_RECURSION = YES;
				CLANG_WARN_INT_CONVERSION = YES;
				CLANG_WARN_NON_LITERAL_NULL_CONVERSION = YES;
				CLANG_WARN_OBJC_IMPLICIT_RETAIN_SELF = YES;
				CLANG_WARN_OBJC_LITERAL_CONVERSION = YES;
				CLANG_WARN_OBJC_ROOT_CLASS = YES_ERROR;
				CLANG_WARN_RANGE_LOOP_ANALYSIS = YES;
				CLANG_WARN_STRICT_PROTOTYPES = YES;
				CLANG_WARN_SUSPICIOUS_MOVE = YES;
				CLANG_WARN_UNREACHABLE_CODE = YES;
				CLANG_WARN__DUPLICATE_METHOD_MATCH = YES;
				COPY_PHASE_STRIP = NO;
				ENABLE_BITCODE = YES;
				ENABLE_STRICT_OBJC_MSGSEND = YES;
				ENABLE_TESTABILITY = YES;
				GCC_C_LANGUAGE_STANDARD = gnu99;
				GCC_DYNAMIC_NO_PIC = NO;
				GCC_NO_COMMON_BLOCKS = YES;
				GCC_OPTIMIZATION_LEVEL = 0;
				GCC_PREPROCESSOR_DEFINITIONS = (
					"DEBUG=1",
					"$(inherited)",
				);
				GCC_SYMBOLS_PRIVATE_EXTERN = NO;
				GCC_WARN_64_TO_32_BIT_CONVERSION = YES;
				GCC_WARN_ABOUT_RETURN_TYPE = YES_ERROR;
				GCC_WARN_UNDECLARED_SELECTOR = YES;
				GCC_WARN_UNINITIALIZED_AUTOS = YES_AGGRESSIVE;
				GCC_WARN_UNUSED_FUNCTION = YES;
				GCC_WARN_UNUSED_VARIABLE = YES;
				IPHONEOS_DEPLOYMENT_TARGET = 8.0;
				MTL_ENABLE_DEBUG_INFO = YES;
				ONLY_ACTIVE_ARCH = NO;
				SDKROOT = iphoneos;
			};
			name = Debug;
		};
		FDBEA7101A7B6D8D006B6517 /* Release */ = {
			isa = XCBuildConfiguration;
			buildSettings = {
				ALWAYS_SEARCH_USER_PATHS = NO;
				CLANG_ANALYZER_LOCALIZABILITY_NONLOCALIZED = YES;
				CLANG_CXX_LANGUAGE_STANDARD = "gnu++0x";
				CLANG_CXX_LIBRARY = "libc++";
				CLANG_ENABLE_MODULES = YES;
				CLANG_ENABLE_OBJC_ARC = YES;
				CLANG_WARN_BLOCK_CAPTURE_AUTORELEASING = YES;
				CLANG_WARN_BOOL_CONVERSION = YES;
				CLANG_WARN_COMMA = YES;
				CLANG_WARN_CONSTANT_CONVERSION = YES;
				CLANG_WARN_DEPRECATED_OBJC_IMPLEMENTATIONS = YES;
				CLANG_WARN_DIRECT_OBJC_ISA_USAGE = YES_ERROR;
				CLANG_WARN_EMPTY_BODY = YES;
				CLANG_WARN_ENUM_CONVERSION = YES;
				CLANG_WARN_INFINITE_RECURSION = YES;
				CLANG_WARN_INT_CONVERSION = YES;
				CLANG_WARN_NON_LITERAL_NULL_CONVERSION = YES;
				CLANG_WARN_OBJC_IMPLICIT_RETAIN_SELF = YES;
				CLANG_WARN_OBJC_LITERAL_CONVERSION = YES;
				CLANG_WARN_OBJC_ROOT_CLASS = YES_ERROR;
				CLANG_WARN_RANGE_LOOP_ANALYSIS = YES;
				CLANG_WARN_STRICT_PROTOTYPES = YES;
				CLANG_WARN_SUSPICIOUS_MOVE = YES;
				CLANG_WARN_UNREACHABLE_CODE = YES;
				CLANG_WARN__DUPLICATE_METHOD_MATCH = YES;
				COPY_PHASE_STRIP = YES;
				ENABLE_BITCODE = YES;
				ENABLE_NS_ASSERTIONS = NO;
				ENABLE_STRICT_OBJC_MSGSEND = YES;
				GCC_C_LANGUAGE_STANDARD = gnu99;
				GCC_NO_COMMON_BLOCKS = YES;
				GCC_WARN_64_TO_32_BIT_CONVERSION = YES;
				GCC_WARN_ABOUT_RETURN_TYPE = YES_ERROR;
				GCC_WARN_UNDECLARED_SELECTOR = YES;
				GCC_WARN_UNINITIALIZED_AUTOS = YES_AGGRESSIVE;
				GCC_WARN_UNUSED_FUNCTION = YES;
				GCC_WARN_UNUSED_VARIABLE = YES;
				IPHONEOS_DEPLOYMENT_TARGET = 8.0;
				MTL_ENABLE_DEBUG_INFO = NO;
				SDKROOT = iphoneos;
				VALIDATE_PRODUCT = YES;
			};
			name = Release;
		};
		FDBEA7121A7B6D8D006B6517 /* Debug */ = {
			isa = XCBuildConfiguration;
			buildSettings = {
				ARCHS = "$(ARCHS_STANDARD)";
				CLANG_CXX_LIBRARY = "libc++";
				IPHONEOS_DEPLOYMENT_TARGET = 8.0;
				MACH_O_TYPE = staticlib;
				ONLY_ACTIVE_ARCH = NO;
				OTHER_LDFLAGS = "-ObjC";
				PRODUCT_NAME = "$(TARGET_NAME)";
				SKIP_INSTALL = YES;
			};
			name = Debug;
		};
		FDBEA7131A7B6D8D006B6517 /* Release */ = {
			isa = XCBuildConfiguration;
			buildSettings = {
				ARCHS = "$(ARCHS_STANDARD)";
				CLANG_CXX_LIBRARY = "libc++";
				IPHONEOS_DEPLOYMENT_TARGET = 8.0;
				MACH_O_TYPE = staticlib;
				ONLY_ACTIVE_ARCH = NO;
				OTHER_LDFLAGS = "-ObjC";
				PRODUCT_NAME = "$(TARGET_NAME)";
				SKIP_INSTALL = YES;
			};
			name = Release;
		};
/* End XCBuildConfiguration section */

/* Begin XCConfigurationList section */
		FDBEA6F81A7B6D8D006B6517 /* Build configuration list for PBXProject "security" */ = {
			isa = XCConfigurationList;
			buildConfigurations = (
				FDBEA70F1A7B6D8D006B6517 /* Debug */,
				FDBEA7101A7B6D8D006B6517 /* Release */,
			);
			defaultConfigurationIsVisible = 0;
			defaultConfigurationName = Release;
		};
		FDBEA7111A7B6D8D006B6517 /* Build configuration list for PBXNativeTarget "security" */ = {
			isa = XCConfigurationList;
			buildConfigurations = (
				FDBEA7121A7B6D8D006B6517 /* Debug */,
				FDBEA7131A7B6D8D006B6517 /* Release */,
			);
			defaultConfigurationIsVisible = 0;
			defaultConfigurationName = Release;
		};
/* End XCConfigurationList section */
	};
	rootObject = FDBEA6F51A7B6D8D006B6517 /* Project object */;
}
